// !$*UTF8*$!
{
	archiveVersion = 1;
	classes = {
	};
	objectVersion = 56;
	objects = {

/* Begin PBXBuildFile section */
		70F95D102ADC1A8A00D1B647 /* mobileAppApp.swift in Sources */ = {isa = PBXBuildFile; fileRef = 70F95D0F2ADC1A8A00D1B647 /* mobileAppApp.swift */; };
		70F95D122ADC1A8A00D1B647 /* ContentView.swift in Sources */ = {isa = PBXBuildFile; fileRef = 70F95D112ADC1A8A00D1B647 /* ContentView.swift */; };
		70F95D142ADC1A8B00D1B647 /* Assets.xcassets in Resources */ = {isa = PBXBuildFile; fileRef = 70F95D132ADC1A8B00D1B647 /* Assets.xcassets */; };
		70F95D182ADC1A8B00D1B647 /* Preview Assets.xcassets in Resources */ = {isa = PBXBuildFile; fileRef = 70F95D172ADC1A8B00D1B647 /* Preview Assets.xcassets */; };
		70F95D222ADC1A8B00D1B647 /* mobileAppTests.swift in Sources */ = {isa = PBXBuildFile; fileRef = 70F95D212ADC1A8B00D1B647 /* mobileAppTests.swift */; };
		70F95D2C2ADC1A8B00D1B647 /* mobileAppUITests.swift in Sources */ = {isa = PBXBuildFile; fileRef = 70F95D2B2ADC1A8B00D1B647 /* mobileAppUITests.swift */; };
		70F95D2E2ADC1A8B00D1B647 /* mobileAppUITestsLaunchTests.swift in Sources */ = {isa = PBXBuildFile; fileRef = 70F95D2D2ADC1A8B00D1B647 /* mobileAppUITestsLaunchTests.swift */; };
/* End PBXBuildFile section */

/* Begin PBXContainerItemProxy section */
		70F95D1E2ADC1A8B00D1B647 /* PBXContainerItemProxy */ = {
			isa = PBXContainerItemProxy;
			containerPortal = 70F95D042ADC1A8A00D1B647 /* Project object */;
			proxyType = 1;
			remoteGlobalIDString = 70F95D0B2ADC1A8A00D1B647;
			remoteInfo = mobileApp;
		};
		70F95D282ADC1A8B00D1B647 /* PBXContainerItemProxy */ = {
			isa = PBXContainerItemProxy;
			containerPortal = 70F95D042ADC1A8A00D1B647 /* Project object */;
			proxyType = 1;
			remoteGlobalIDString = 70F95D0B2ADC1A8A00D1B647;
			remoteInfo = mobileApp;
		};
/* End PBXContainerItemProxy section */

/* Begin PBXFileReference section */
		70F95D0C2ADC1A8A00D1B647 /* mobileApp.app */ = {isa = PBXFileReference; explicitFileType = wrapper.application; includeInIndex = 0; path = mobileApp.app; sourceTree = BUILT_PRODUCTS_DIR; };
		70F95D0F2ADC1A8A00D1B647 /* mobileAppApp.swift */ = {isa = PBXFileReference; lastKnownFileType = sourcecode.swift; path = mobileAppApp.swift; sourceTree = "<group>"; };
		70F95D112ADC1A8A00D1B647 /* ContentView.swift */ = {isa = PBXFileReference; lastKnownFileType = sourcecode.swift; path = ContentView.swift; sourceTree = "<group>"; };
		70F95D132ADC1A8B00D1B647 /* Assets.xcassets */ = {isa = PBXFileReference; lastKnownFileType = folder.assetcatalog; path = Assets.xcassets; sourceTree = "<group>"; };
		70F95D152ADC1A8B00D1B647 /* mobileApp.entitlements */ = {isa = PBXFileReference; lastKnownFileType = text.plist.entitlements; path = mobileApp.entitlements; sourceTree = "<group>"; };
		70F95D172ADC1A8B00D1B647 /* Preview Assets.xcassets */ = {isa = PBXFileReference; lastKnownFileType = folder.assetcatalog; path = "Preview Assets.xcassets"; sourceTree = "<group>"; };
		70F95D1D2ADC1A8B00D1B647 /* mobileAppTests.xctest */ = {isa = PBXFileReference; explicitFileType = wrapper.cfbundle; includeInIndex = 0; path = mobileAppTests.xctest; sourceTree = BUILT_PRODUCTS_DIR; };
		70F95D212ADC1A8B00D1B647 /* mobileAppTests.swift */ = {isa = PBXFileReference; lastKnownFileType = sourcecode.swift; path = mobileAppTests.swift; sourceTree = "<group>"; };
		70F95D272ADC1A8B00D1B647 /* mobileAppUITests.xctest */ = {isa = PBXFileReference; explicitFileType = wrapper.cfbundle; includeInIndex = 0; path = mobileAppUITests.xctest; sourceTree = BUILT_PRODUCTS_DIR; };
		70F95D2B2ADC1A8B00D1B647 /* mobileAppUITests.swift */ = {isa = PBXFileReference; lastKnownFileType = sourcecode.swift; path = mobileAppUITests.swift; sourceTree = "<group>"; };
		70F95D2D2ADC1A8B00D1B647 /* mobileAppUITestsLaunchTests.swift */ = {isa = PBXFileReference; lastKnownFileType = sourcecode.swift; path = mobileAppUITestsLaunchTests.swift; sourceTree = "<group>"; };
/* End PBXFileReference section */

/* Begin PBXFrameworksBuildPhase section */
		70F95D092ADC1A8A00D1B647 /* Frameworks */ = {
			isa = PBXFrameworksBuildPhase;
			buildActionMask = 2147483647;
			files = (
			);
			runOnlyForDeploymentPostprocessing = 0;
		};
		70F95D1A2ADC1A8B00D1B647 /* Frameworks */ = {
			isa = PBXFrameworksBuildPhase;
			buildActionMask = 2147483647;
			files = (
			);
			runOnlyForDeploymentPostprocessing = 0;
		};
		70F95D242ADC1A8B00D1B647 /* Frameworks */ = {
			isa = PBXFrameworksBuildPhase;
			buildActionMask = 2147483647;
			files = (
			);
			runOnlyForDeploymentPostprocessing = 0;
		};
/* End PBXFrameworksBuildPhase section */

/* Begin PBXGroup section */
		70F95D032ADC1A8A00D1B647 = {
			isa = PBXGroup;
			children = (
				70F95D0E2ADC1A8A00D1B647 /* mobileApp */,
				70F95D202ADC1A8B00D1B647 /* mobileAppTests */,
				70F95D2A2ADC1A8B00D1B647 /* mobileAppUITests */,
				70F95D0D2ADC1A8A00D1B647 /* Products */,
			);
			sourceTree = "<group>";
		};
		70F95D0D2ADC1A8A00D1B647 /* Products */ = {
			isa = PBXGroup;
			children = (
				70F95D0C2ADC1A8A00D1B647 /* mobileApp.app */,
				70F95D1D2ADC1A8B00D1B647 /* mobileAppTests.xctest */,
				70F95D272ADC1A8B00D1B647 /* mobileAppUITests.xctest */,
			);
			name = Products;
			sourceTree = "<group>";
		};
		70F95D0E2ADC1A8A00D1B647 /* mobileApp */ = {
			isa = PBXGroup;
			children = (
				70F95D0F2ADC1A8A00D1B647 /* mobileAppApp.swift */,
				70F95D112ADC1A8A00D1B647 /* ContentView.swift */,
				70F95D132ADC1A8B00D1B647 /* Assets.xcassets */,
				70F95D152ADC1A8B00D1B647 /* mobileApp.entitlements */,
				70F95D162ADC1A8B00D1B647 /* Preview Content */,
			);
			path = mobileApp;
			sourceTree = "<group>";
		};
		70F95D162ADC1A8B00D1B647 /* Preview Content */ = {
			isa = PBXGroup;
			children = (
				70F95D172ADC1A8B00D1B647 /* Preview Assets.xcassets */,
			);
			path = "Preview Content";
			sourceTree = "<group>";
		};
		70F95D202ADC1A8B00D1B647 /* mobileAppTests */ = {
			isa = PBXGroup;
			children = (
				70F95D212ADC1A8B00D1B647 /* mobileAppTests.swift */,
			);
			path = mobileAppTests;
			sourceTree = "<group>";
		};
		70F95D2A2ADC1A8B00D1B647 /* mobileAppUITests */ = {
			isa = PBXGroup;
			children = (
				70F95D2B2ADC1A8B00D1B647 /* mobileAppUITests.swift */,
				70F95D2D2ADC1A8B00D1B647 /* mobileAppUITestsLaunchTests.swift */,
			);
			path = mobileAppUITests;
			sourceTree = "<group>";
		};
/* End PBXGroup section */

/* Begin PBXNativeTarget section */
		70F95D0B2ADC1A8A00D1B647 /* mobileApp */ = {
			isa = PBXNativeTarget;
			buildConfigurationList = 70F95D312ADC1A8B00D1B647 /* Build configuration list for PBXNativeTarget "mobileApp" */;
			buildPhases = (
				70F95D082ADC1A8A00D1B647 /* Sources */,
				70F95D092ADC1A8A00D1B647 /* Frameworks */,
				70F95D0A2ADC1A8A00D1B647 /* Resources */,
			);
			buildRules = (
			);
			dependencies = (
			);
			name = mobileApp;
			productName = mobileApp;
			productReference = 70F95D0C2ADC1A8A00D1B647 /* mobileApp.app */;
			productType = "com.apple.product-type.application";
		};
		70F95D1C2ADC1A8B00D1B647 /* mobileAppTests */ = {
			isa = PBXNativeTarget;
			buildConfigurationList = 70F95D342ADC1A8B00D1B647 /* Build configuration list for PBXNativeTarget "mobileAppTests" */;
			buildPhases = (
				70F95D192ADC1A8B00D1B647 /* Sources */,
				70F95D1A2ADC1A8B00D1B647 /* Frameworks */,
				70F95D1B2ADC1A8B00D1B647 /* Resources */,
			);
			buildRules = (
			);
			dependencies = (
				70F95D1F2ADC1A8B00D1B647 /* PBXTargetDependency */,
			);
			name = mobileAppTests;
			productName = mobileAppTests;
			productReference = 70F95D1D2ADC1A8B00D1B647 /* mobileAppTests.xctest */;
			productType = "com.apple.product-type.bundle.unit-test";
		};
		70F95D262ADC1A8B00D1B647 /* mobileAppUITests */ = {
			isa = PBXNativeTarget;
			buildConfigurationList = 70F95D372ADC1A8B00D1B647 /* Build configuration list for PBXNativeTarget "mobileAppUITests" */;
			buildPhases = (
				70F95D232ADC1A8B00D1B647 /* Sources */,
				70F95D242ADC1A8B00D1B647 /* Frameworks */,
				70F95D252ADC1A8B00D1B647 /* Resources */,
			);
			buildRules = (
			);
			dependencies = (
				70F95D292ADC1A8B00D1B647 /* PBXTargetDependency */,
			);
			name = mobileAppUITests;
			productName = mobileAppUITests;
			productReference = 70F95D272ADC1A8B00D1B647 /* mobileAppUITests.xctest */;
			productType = "com.apple.product-type.bundle.ui-testing";
		};
/* End PBXNativeTarget section */

/* Begin PBXProject section */
		70F95D042ADC1A8A00D1B647 /* Project object */ = {
			isa = PBXProject;
			attributes = {
				BuildIndependentTargetsInParallel = 1;
				LastSwiftUpdateCheck = 1410;
				LastUpgradeCheck = 1410;
				TargetAttributes = {
					70F95D0B2ADC1A8A00D1B647 = {
						CreatedOnToolsVersion = 14.1;
					};
					70F95D1C2ADC1A8B00D1B647 = {
						CreatedOnToolsVersion = 14.1;
						TestTargetID = 70F95D0B2ADC1A8A00D1B647;
					};
					70F95D262ADC1A8B00D1B647 = {
						CreatedOnToolsVersion = 14.1;
						TestTargetID = 70F95D0B2ADC1A8A00D1B647;
					};
				};
			};
			buildConfigurationList = 70F95D072ADC1A8A00D1B647 /* Build configuration list for PBXProject "mobileApp" */;
			compatibilityVersion = "Xcode 14.0";
			developmentRegion = en;
			hasScannedForEncodings = 0;
			knownRegions = (
				en,
				Base,
			);
			mainGroup = 70F95D032ADC1A8A00D1B647;
			productRefGroup = 70F95D0D2ADC1A8A00D1B647 /* Products */;
			projectDirPath = "";
			projectRoot = "";
			targets = (
				70F95D0B2ADC1A8A00D1B647 /* mobileApp */,
				70F95D1C2ADC1A8B00D1B647 /* mobileAppTests */,
				70F95D262ADC1A8B00D1B647 /* mobileAppUITests */,
			);
		};
/* End PBXProject section */

/* Begin PBXResourcesBuildPhase section */
		70F95D0A2ADC1A8A00D1B647 /* Resources */ = {
			isa = PBXResourcesBuildPhase;
			buildActionMask = 2147483647;
			files = (
				70F95D182ADC1A8B00D1B647 /* Preview Assets.xcassets in Resources */,
				70F95D142ADC1A8B00D1B647 /* Assets.xcassets in Resources */,
			);
			runOnlyForDeploymentPostprocessing = 0;
		};
		70F95D1B2ADC1A8B00D1B647 /* Resources */ = {
			isa = PBXResourcesBuildPhase;
			buildActionMask = 2147483647;
			files = (
			);
			runOnlyForDeploymentPostprocessing = 0;
		};
		70F95D252ADC1A8B00D1B647 /* Resources */ = {
			isa = PBXResourcesBuildPhase;
			buildActionMask = 2147483647;
			files = (
			);
			runOnlyForDeploymentPostprocessing = 0;
		};
/* End PBXResourcesBuildPhase section */

/* Begin PBXSourcesBuildPhase section */
		70F95D082ADC1A8A00D1B647 /* Sources */ = {
			isa = PBXSourcesBuildPhase;
			buildActionMask = 2147483647;
			files = (
				70F95D122ADC1A8A00D1B647 /* ContentView.swift in Sources */,
				70F95D102ADC1A8A00D1B647 /* mobileAppApp.swift in Sources */,
			);
			runOnlyForDeploymentPostprocessing = 0;
		};
		70F95D192ADC1A8B00D1B647 /* Sources */ = {
			isa = PBXSourcesBuildPhase;
			buildActionMask = 2147483647;
			files = (
				70F95D222ADC1A8B00D1B647 /* mobileAppTests.swift in Sources */,
			);
			runOnlyForDeploymentPostprocessing = 0;
		};
		70F95D232ADC1A8B00D1B647 /* Sources */ = {
			isa = PBXSourcesBuildPhase;
			buildActionMask = 2147483647;
			files = (
				70F95D2E2ADC1A8B00D1B647 /* mobileAppUITestsLaunchTests.swift in Sources */,
				70F95D2C2ADC1A8B00D1B647 /* mobileAppUITests.swift in Sources */,
			);
			runOnlyForDeploymentPostprocessing = 0;
		};
/* End PBXSourcesBuildPhase section */

/* Begin PBXTargetDependency section */
		70F95D1F2ADC1A8B00D1B647 /* PBXTargetDependency */ = {
			isa = PBXTargetDependency;
			target = 70F95D0B2ADC1A8A00D1B647 /* mobileApp */;
			targetProxy = 70F95D1E2ADC1A8B00D1B647 /* PBXContainerItemProxy */;
		};
		70F95D292ADC1A8B00D1B647 /* PBXTargetDependency */ = {
			isa = PBXTargetDependency;
			target = 70F95D0B2ADC1A8A00D1B647 /* mobileApp */;
			targetProxy = 70F95D282ADC1A8B00D1B647 /* PBXContainerItemProxy */;
		};
/* End PBXTargetDependency section */

/* Begin XCBuildConfiguration section */
		70F95D2F2ADC1A8B00D1B647 /* Debug */ = {
			isa = XCBuildConfiguration;
			buildSettings = {
				ALWAYS_SEARCH_USER_PATHS = NO;
				CLANG_ANALYZER_NONNULL = YES;
				CLANG_ANALYZER_NUMBER_OBJECT_CONVERSION = YES_AGGRESSIVE;
				CLANG_CXX_LANGUAGE_STANDARD = "gnu++20";
				CLANG_ENABLE_MODULES = YES;
				CLANG_ENABLE_OBJC_ARC = YES;
				CLANG_ENABLE_OBJC_WEAK = YES;
				CLANG_WARN_BLOCK_CAPTURE_AUTORELEASING = YES;
				CLANG_WARN_BOOL_CONVERSION = YES;
				CLANG_WARN_COMMA = YES;
				CLANG_WARN_CONSTANT_CONVERSION = YES;
				CLANG_WARN_DEPRECATED_OBJC_IMPLEMENTATIONS = YES;
				CLANG_WARN_DIRECT_OBJC_ISA_USAGE = YES_ERROR;
				CLANG_WARN_DOCUMENTATION_COMMENTS = YES;
				CLANG_WARN_EMPTY_BODY = YES;
				CLANG_WARN_ENUM_CONVERSION = YES;
				CLANG_WARN_INFINITE_RECURSION = YES;
				CLANG_WARN_INT_CONVERSION = YES;
				CLANG_WARN_NON_LITERAL_NULL_CONVERSION = YES;
				CLANG_WARN_OBJC_IMPLICIT_RETAIN_SELF = YES;
				CLANG_WARN_OBJC_LITERAL_CONVERSION = YES;
				CLANG_WARN_OBJC_ROOT_CLASS = YES_ERROR;
				CLANG_WARN_QUOTED_INCLUDE_IN_FRAMEWORK_HEADER = YES;
				CLANG_WARN_RANGE_LOOP_ANALYSIS = YES;
				CLANG_WARN_STRICT_PROTOTYPES = YES;
				CLANG_WARN_SUSPICIOUS_MOVE = YES;
				CLANG_WARN_UNGUARDED_AVAILABILITY = YES_AGGRESSIVE;
				CLANG_WARN_UNREACHABLE_CODE = YES;
				CLANG_WARN__DUPLICATE_METHOD_MATCH = YES;
				COPY_PHASE_STRIP = NO;
				DEBUG_INFORMATION_FORMAT = dwarf;
				ENABLE_STRICT_OBJC_MSGSEND = YES;
				ENABLE_TESTABILITY = YES;
				GCC_C_LANGUAGE_STANDARD = gnu11;
				GCC_DYNAMIC_NO_PIC = NO;
				GCC_NO_COMMON_BLOCKS = YES;
				GCC_OPTIMIZATION_LEVEL = 0;
				GCC_PREPROCESSOR_DEFINITIONS = (
					"DEBUG=1",
					"$(inherited)",
				);
				GCC_WARN_64_TO_32_BIT_CONVERSION = YES;
				GCC_WARN_ABOUT_RETURN_TYPE = YES_ERROR;
				GCC_WARN_UNDECLARED_SELECTOR = YES;
				GCC_WARN_UNINITIALIZED_AUTOS = YES_AGGRESSIVE;
				GCC_WARN_UNUSED_FUNCTION = YES;
				GCC_WARN_UNUSED_VARIABLE = YES;
				MTL_ENABLE_DEBUG_INFO = INCLUDE_SOURCE;
				MTL_FAST_MATH = YES;
				ONLY_ACTIVE_ARCH = YES;
				SWIFT_ACTIVE_COMPILATION_CONDITIONS = DEBUG;
				SWIFT_OPTIMIZATION_LEVEL = "-Onone";
			};
			name = Debug;
		};
		70F95D302ADC1A8B00D1B647 /* Release */ = {
			isa = XCBuildConfiguration;
			buildSettings = {
				ALWAYS_SEARCH_USER_PATHS = NO;
				CLANG_ANALYZER_NONNULL = YES;
				CLANG_ANALYZER_NUMBER_OBJECT_CONVERSION = YES_AGGRESSIVE;
				CLANG_CXX_LANGUAGE_STANDARD = "gnu++20";
				CLANG_ENABLE_MODULES = YES;
				CLANG_ENABLE_OBJC_ARC = YES;
				CLANG_ENABLE_OBJC_WEAK = YES;
				CLANG_WARN_BLOCK_CAPTURE_AUTORELEASING = YES;
				CLANG_WARN_BOOL_CONVERSION = YES;
				CLANG_WARN_COMMA = YES;
				CLANG_WARN_CONSTANT_CONVERSION = YES;
				CLANG_WARN_DEPRECATED_OBJC_IMPLEMENTATIONS = YES;
				CLANG_WARN_DIRECT_OBJC_ISA_USAGE = YES_ERROR;
				CLANG_WARN_DOCUMENTATION_COMMENTS = YES;
				CLANG_WARN_EMPTY_BODY = YES;
				CLANG_WARN_ENUM_CONVERSION = YES;
				CLANG_WARN_INFINITE_RECURSION = YES;
				CLANG_WARN_INT_CONVERSION = YES;
				CLANG_WARN_NON_LITERAL_NULL_CONVERSION = YES;
				CLANG_WARN_OBJC_IMPLICIT_RETAIN_SELF = YES;
				CLANG_WARN_OBJC_LITERAL_CONVERSION = YES;
				CLANG_WARN_OBJC_ROOT_CLASS = YES_ERROR;
				CLANG_WARN_QUOTED_INCLUDE_IN_FRAMEWORK_HEADER = YES;
				CLANG_WARN_RANGE_LOOP_ANALYSIS = YES;
				CLANG_WARN_STRICT_PROTOTYPES = YES;
				CLANG_WARN_SUSPICIOUS_MOVE = YES;
				CLANG_WARN_UNGUARDED_AVAILABILITY = YES_AGGRESSIVE;
				CLANG_WARN_UNREACHABLE_CODE = YES;
				CLANG_WARN__DUPLICATE_METHOD_MATCH = YES;
				COPY_PHASE_STRIP = NO;
				DEBUG_INFORMATION_FORMAT = "dwarf-with-dsym";
				ENABLE_NS_ASSERTIONS = NO;
				ENABLE_STRICT_OBJC_MSGSEND = YES;
				GCC_C_LANGUAGE_STANDARD = gnu11;
				GCC_NO_COMMON_BLOCKS = YES;
				GCC_WARN_64_TO_32_BIT_CONVERSION = YES;
				GCC_WARN_ABOUT_RETURN_TYPE = YES_ERROR;
				GCC_WARN_UNDECLARED_SELECTOR = YES;
				GCC_WARN_UNINITIALIZED_AUTOS = YES_AGGRESSIVE;
				GCC_WARN_UNUSED_FUNCTION = YES;
				GCC_WARN_UNUSED_VARIABLE = YES;
				MTL_ENABLE_DEBUG_INFO = NO;
				MTL_FAST_MATH = YES;
				SWIFT_COMPILATION_MODE = wholemodule;
				SWIFT_OPTIMIZATION_LEVEL = "-O";
			};
			name = Release;
		};
		70F95D322ADC1A8B00D1B647 /* Debug */ = {
			isa = XCBuildConfiguration;
			buildSettings = {
				ASSETCATALOG_COMPILER_APPICON_NAME = AppIcon;
				ASSETCATALOG_COMPILER_GLOBAL_ACCENT_COLOR_NAME = AccentColor;
				CODE_SIGN_ENTITLEMENTS = mobileApp/mobileApp.entitlements;
				CODE_SIGN_STYLE = Automatic;
				CURRENT_PROJECT_VERSION = 1;
				DEVELOPMENT_ASSET_PATHS = "\"mobileApp/Preview Content\"";
				ENABLE_PREVIEWS = YES;
				GENERATE_INFOPLIST_FILE = YES;
				"INFOPLIST_KEY_UIApplicationSceneManifest_Generation[sdk=iphoneos*]" = YES;
				"INFOPLIST_KEY_UIApplicationSceneManifest_Generation[sdk=iphonesimulator*]" = YES;
				"INFOPLIST_KEY_UIApplicationSupportsIndirectInputEvents[sdk=iphoneos*]" = YES;
				"INFOPLIST_KEY_UIApplicationSupportsIndirectInputEvents[sdk=iphonesimulator*]" = YES;
				"INFOPLIST_KEY_UILaunchScreen_Generation[sdk=iphoneos*]" = YES;
				"INFOPLIST_KEY_UILaunchScreen_Generation[sdk=iphonesimulator*]" = YES;
				"INFOPLIST_KEY_UIStatusBarStyle[sdk=iphoneos*]" = UIStatusBarStyleDefault;
				"INFOPLIST_KEY_UIStatusBarStyle[sdk=iphonesimulator*]" = UIStatusBarStyleDefault;
				INFOPLIST_KEY_UISupportedInterfaceOrientations_iPad = "UIInterfaceOrientationPortrait UIInterfaceOrientationPortraitUpsideDown UIInterfaceOrientationLandscapeLeft UIInterfaceOrientationLandscapeRight";
				INFOPLIST_KEY_UISupportedInterfaceOrientations_iPhone = "UIInterfaceOrientationPortrait UIInterfaceOrientationLandscapeLeft UIInterfaceOrientationLandscapeRight";
				IPHONEOS_DEPLOYMENT_TARGET = 16.1;
				LD_RUNPATH_SEARCH_PATHS = "@executable_path/Frameworks";
				"LD_RUNPATH_SEARCH_PATHS[sdk=macosx*]" = "@executable_path/../Frameworks";
				MACOSX_DEPLOYMENT_TARGET = 12.7;
				MARKETING_VERSION = 1.0;
				PRODUCT_BUNDLE_IDENTIFIER = monta.mobileApp;
				PRODUCT_NAME = "$(TARGET_NAME)";
				SDKROOT = auto;
				SUPPORTED_PLATFORMS = "iphoneos iphonesimulator macosx";
				SWIFT_EMIT_LOC_STRINGS = YES;
				SWIFT_VERSION = 5.0;
				TARGETED_DEVICE_FAMILY = "1,2";
			};
			name = Debug;
		};
		70F95D332ADC1A8B00D1B647 /* Release */ = {
			isa = XCBuildConfiguration;
			buildSettings = {
				ASSETCATALOG_COMPILER_APPICON_NAME = AppIcon;
				ASSETCATALOG_COMPILER_GLOBAL_ACCENT_COLOR_NAME = AccentColor;
				CODE_SIGN_ENTITLEMENTS = mobileApp/mobileApp.entitlements;
				CODE_SIGN_STYLE = Automatic;
				CURRENT_PROJECT_VERSION = 1;
				DEVELOPMENT_ASSET_PATHS = "\"mobileApp/Preview Content\"";
				ENABLE_PREVIEWS = YES;
				GENERATE_INFOPLIST_FILE = YES;
				"INFOPLIST_KEY_UIApplicationSceneManifest_Generation[sdk=iphoneos*]" = YES;
				"INFOPLIST_KEY_UIApplicationSceneManifest_Generation[sdk=iphonesimulator*]" = YES;
				"INFOPLIST_KEY_UIApplicationSupportsIndirectInputEvents[sdk=iphoneos*]" = YES;
				"INFOPLIST_KEY_UIApplicationSupportsIndirectInputEvents[sdk=iphonesimulator*]" = YES;
				"INFOPLIST_KEY_UILaunchScreen_Generation[sdk=iphoneos*]" = YES;
				"INFOPLIST_KEY_UILaunchScreen_Generation[sdk=iphonesimulator*]" = YES;
				"INFOPLIST_KEY_UIStatusBarStyle[sdk=iphoneos*]" = UIStatusBarStyleDefault;
				"INFOPLIST_KEY_UIStatusBarStyle[sdk=iphonesimulator*]" = UIStatusBarStyleDefault;
				INFOPLIST_KEY_UISupportedInterfaceOrientations_iPad = "UIInterfaceOrientationPortrait UIInterfaceOrientationPortraitUpsideDown UIInterfaceOrientationLandscapeLeft UIInterfaceOrientationLandscapeRight";
				INFOPLIST_KEY_UISupportedInterfaceOrientations_iPhone = "UIInterfaceOrientationPortrait UIInterfaceOrientationLandscapeLeft UIInterfaceOrientationLandscapeRight";
				IPHONEOS_DEPLOYMENT_TARGET = 16.1;
				LD_RUNPATH_SEARCH_PATHS = "@executable_path/Frameworks";
				"LD_RUNPATH_SEARCH_PATHS[sdk=macosx*]" = "@executable_path/../Frameworks";
				MACOSX_DEPLOYMENT_TARGET = 12.7;
				MARKETING_VERSION = 1.0;
				PRODUCT_BUNDLE_IDENTIFIER = monta.mobileApp;
				PRODUCT_NAME = "$(TARGET_NAME)";
				SDKROOT = auto;
				SUPPORTED_PLATFORMS = "iphoneos iphonesimulator macosx";
				SWIFT_EMIT_LOC_STRINGS = YES;
				SWIFT_VERSION = 5.0;
				TARGETED_DEVICE_FAMILY = "1,2";
			};
			name = Release;
		};
		70F95D352ADC1A8B00D1B647 /* Debug */ = {
			isa = XCBuildConfiguration;
			buildSettings = {
				ALWAYS_EMBED_SWIFT_STANDARD_LIBRARIES = YES;
				BUNDLE_LOADER = "$(TEST_HOST)";
				CODE_SIGN_STYLE = Automatic;
				CURRENT_PROJECT_VERSION = 1;
				GENERATE_INFOPLIST_FILE = YES;
				IPHONEOS_DEPLOYMENT_TARGET = 16.1;
				MACOSX_DEPLOYMENT_TARGET = 12.7;
				MARKETING_VERSION = 1.0;
				PRODUCT_BUNDLE_IDENTIFIER = monta.mobileAppTests;
				PRODUCT_NAME = "$(TARGET_NAME)";
				SDKROOT = auto;
				SUPPORTED_PLATFORMS = "iphoneos iphonesimulator macosx";
				SWIFT_EMIT_LOC_STRINGS = NO;
				SWIFT_VERSION = 5.0;
				TARGETED_DEVICE_FAMILY = "1,2";
				TEST_HOST = "$(BUILT_PRODUCTS_DIR)/mobileApp.app/$(BUNDLE_EXECUTABLE_FOLDER_PATH)/mobileApp";
			};
			name = Debug;
		};
		70F95D362ADC1A8B00D1B647 /* Release */ = {
			isa = XCBuildConfiguration;
			buildSettings = {
				ALWAYS_EMBED_SWIFT_STANDARD_LIBRARIES = YES;
				BUNDLE_LOADER = "$(TEST_HOST)";
				CODE_SIGN_STYLE = Automatic;
				CURRENT_PROJECT_VERSION = 1;
				GENERATE_INFOPLIST_FILE = YES;
				IPHONEOS_DEPLOYMENT_TARGET = 16.1;
				MACOSX_DEPLOYMENT_TARGET = 12.7;
				MARKETING_VERSION = 1.0;
				PRODUCT_BUNDLE_IDENTIFIER = monta.mobileAppTests;
				PRODUCT_NAME = "$(TARGET_NAME)";
				SDKROOT = auto;
				SUPPORTED_PLATFORMS = "iphoneos iphonesimulator macosx";
				SWIFT_EMIT_LOC_STRINGS = NO;
				SWIFT_VERSION = 5.0;
				TARGETED_DEVICE_FAMILY = "1,2";
				TEST_HOST = "$(BUILT_PRODUCTS_DIR)/mobileApp.app/$(BUNDLE_EXECUTABLE_FOLDER_PATH)/mobileApp";
			};
			name = Release;
		};
		70F95D382ADC1A8B00D1B647 /* Debug */ = {
			isa = XCBuildConfiguration;
			buildSettings = {
				ALWAYS_EMBED_SWIFT_STANDARD_LIBRARIES = YES;
				CODE_SIGN_STYLE = Automatic;
				CURRENT_PROJECT_VERSION = 1;
				GENERATE_INFOPLIST_FILE = YES;
				IPHONEOS_DEPLOYMENT_TARGET = 16.1;
				MACOSX_DEPLOYMENT_TARGET = 12.7;
				MARKETING_VERSION = 1.0;
				PRODUCT_BUNDLE_IDENTIFIER = monta.mobileAppUITests;
				PRODUCT_NAME = "$(TARGET_NAME)";
				SDKROOT = auto;
				SUPPORTED_PLATFORMS = "iphoneos iphonesimulator macosx";
				SWIFT_EMIT_LOC_STRINGS = NO;
				SWIFT_VERSION = 5.0;
				TARGETED_DEVICE_FAMILY = "1,2";
				TEST_TARGET_NAME = mobileApp;
			};
			name = Debug;
		};
		70F95D392ADC1A8B00D1B647 /* Release */ = {
			isa = XCBuildConfiguration;
			buildSettings = {
				ALWAYS_EMBED_SWIFT_STANDARD_LIBRARIES = YES;
				CODE_SIGN_STYLE = Automatic;
				CURRENT_PROJECT_VERSION = 1;
				GENERATE_INFOPLIST_FILE = YES;
				IPHONEOS_DEPLOYMENT_TARGET = 16.1;
				MACOSX_DEPLOYMENT_TARGET = 12.7;
				MARKETING_VERSION = 1.0;
				PRODUCT_BUNDLE_IDENTIFIER = monta.mobileAppUITests;
				PRODUCT_NAME = "$(TARGET_NAME)";
				SDKROOT = auto;
				SUPPORTED_PLATFORMS = "iphoneos iphonesimulator macosx";
				SWIFT_EMIT_LOC_STRINGS = NO;
				SWIFT_VERSION = 5.0;
				TARGETED_DEVICE_FAMILY = "1,2";
				TEST_TARGET_NAME = mobileApp;
			};
			name = Release;
		};
/* End XCBuildConfiguration section */

/* Begin XCConfigurationList section */
		70F95D072ADC1A8A00D1B647 /* Build configuration list for PBXProject "mobileApp" */ = {
			isa = XCConfigurationList;
			buildConfigurations = (
				70F95D2F2ADC1A8B00D1B647 /* Debug */,
				70F95D302ADC1A8B00D1B647 /* Release */,
			);
			defaultConfigurationIsVisible = 0;
			defaultConfigurationName = Release;
		};
		70F95D312ADC1A8B00D1B647 /* Build configuration list for PBXNativeTarget "mobileApp" */ = {
			isa = XCConfigurationList;
			buildConfigurations = (
				70F95D322ADC1A8B00D1B647 /* Debug */,
				70F95D332ADC1A8B00D1B647 /* Release */,
			);
			defaultConfigurationIsVisible = 0;
			defaultConfigurationName = Release;
		};
		70F95D342ADC1A8B00D1B647 /* Build configuration list for PBXNativeTarget "mobileAppTests" */ = {
			isa = XCConfigurationList;
			buildConfigurations = (
				70F95D352ADC1A8B00D1B647 /* Debug */,
				70F95D362ADC1A8B00D1B647 /* Release */,
			);
			defaultConfigurationIsVisible = 0;
			defaultConfigurationName = Release;
		};
		70F95D372ADC1A8B00D1B647 /* Build configuration list for PBXNativeTarget "mobileAppUITests" */ = {
			isa = XCConfigurationList;
			buildConfigurations = (
				70F95D382ADC1A8B00D1B647 /* Debug */,
				70F95D392ADC1A8B00D1B647 /* Release */,
			);
			defaultConfigurationIsVisible = 0;
			defaultConfigurationName = Release;
		};
/* End XCConfigurationList section */
	};
	rootObject = 70F95D042ADC1A8A00D1B647 /* Project object */;
}
